
Microsoft Visual Studio Solution File, Format Version 12.00
# Visual Studio Version 16
VisualStudioVersion = 16.0.30503.244
MinimumVisualStudioVersion = 10.0.40219.1
Project("{FAE04EC0-301F-11D3-BF4B-00C04F79EFBC}") = "DES", "DES\DES.csproj", "{D9DE8960-36EE-40BF-9D6B-0E0CFA2A2B76}"
EndProject
Global
	GlobalSection(SolutionConfigurationPlatforms) = preSolution
		Debug|Any CPU = Debug|Any CPU
		Release|Any CPU = Release|Any CPU
	EndGlobalSection
	GlobalSection(ProjectConfigurationPlatforms) = postSolution
		{D9DE8960-36EE-40BF-9D6B-0E0CFA2A2B76}.Debug|Any CPU.ActiveCfg = Debug|Any CPU
		{D9DE8960-36EE-40BF-9D6B-0E0CFA2A2B76}.Debug|Any CPU.Build.0 = Debug|Any CPU
		{D9DE8960-36EE-40BF-9D6B-0E0CFA2A2B76}.Release|Any CPU.ActiveCfg = Release|Any CPU
		{D9DE8960-36EE-40BF-9D6B-0E0CFA2A2B76}.Release|Any CPU.Build.0 = Release|Any CPU
	EndGlobalSection
	GlobalSection(SolutionProperties) = preSolution
		HideSolutionNode = FALSE
	EndGlobalSection
	GlobalSection(ExtensibilityGlobals) = postSolution
		SolutionGuid = {916920AC-99A0-469D-B1E2-5443C99E07AE}
	EndGlobalSection
EndGlobal
